{
    "_readme": [
        "This file locks the dependencies of your project to a known state",
        "Read more about it at https://getcomposer.org/doc/01-basic-usage.md#composer-lock-the-lock-file",
        "This file is @generated automatically"
    ],
    "hash": "21267fd0e4e8c2c5e07a5bea1ff0d8a4",
    "content-hash": "2b8a329c6a6f27c98db504c3d662cddd",
    "packages": [
        {
            "name": "VundleVim/Vundle.vim",
            "version": "dev-master",
            "source": {
                "type": "git",
                "url": "https://github.com/VundleVim/Vundle.vim",
                "reference": "origin/master"
            },
            "type": "library",
            "time": "2016-08-05 10:17:18"
        },
        {
            "name": "bhilburn/powerlevel9k",
            "version": "dev-master",
            "source": {
                "type": "git",
                "url": "https://github.com/bhilburn/powerlevel9k.git",
                "reference": "origin/master"
            },
            "type": "library",
            "time": "2016-05-27 15:55:04"
        },
        {
            "name": "macvim-dev/macvim",
            "version": "dev-master",
            "source": {
                "type": "git",
                "url": "https://github.com/macvim-dev/macvim.git",
                "reference": "origin/master"
            },
            "type": "library",
            "time": "2016-08-08 01:16:58"
        },
        {
            "name": "powerline/powerline",
            "version": "dev-master",
            "source": {
                "type": "git",
                "url": "https://github.com/powerline/powerline.git",
                "reference": "origin/master"
            },
            "type": "library",
            "time": "2016-07-13 21:43:25"
        }
    ],
    "packages-dev": [],
    "aliases": [],
    "minimum-stability": "stable",
    "stability-flags": {
        "macvim-dev/macvim": 20,
        "powerline/powerline": 20,
        "bhilburn/powerlevel9k": 20,
        "vundlevim/vundle.vim": 20
    },
    "prefer-stable": false,
    "prefer-lowest": false,
    "platform": [],
    "platform-dev": []
}
